<?xml version="1.0" encoding="utf-8"?>
<Project ToolsVersion="4.0" xmlns="http://schemas.microsoft.com/developer/msbuild/2003">
  <ItemGroup>
    <Filter Include="Omurice">
      <UniqueIdentifier>{792BC0CB-E50A-3F67-EE22-CA3D5A81A5C8}</UniqueIdentifier>
    </Filter>
    <Filter Include="Omurice\Events">
      <UniqueIdentifier>{3D151599-29E3-089F-1277-79C5FEE3E403}</UniqueIdentifier>
    </Filter>
  </ItemGroup>
  <ItemGroup>
    <ClInclude Include="src\Omurice.h" />
    <ClInclude Include="src\Omurice\Application.h">
      <Filter>Omurice</Filter>
    </ClInclude>
    <ClInclude Include="src\Omurice\Core.h">
      <Filter>Omurice</Filter>
    </ClInclude>
    <ClInclude Include="src\Omurice\EntryPoint.h">
      <Filter>Omurice</Filter>
    </ClInclude>
    <ClInclude Include="src\Omurice\Events\ApplicationEvents.h">
      <Filter>Omurice\Events</Filter>
    </ClInclude>
    <ClInclude Include="src\Omurice\Events\Event.h">
      <Filter>Omurice\Events</Filter>
    </ClInclude>
    <ClInclude Include="src\Omurice\Events\KeyboardEvents.h">
      <Filter>Omurice\Events</Filter>
    </ClInclude>
    <ClInclude Include="src\Omurice\Events\MouseEvents.h">
      <Filter>Omurice\Events</Filter>
    </ClInclude>
    <ClInclude Include="src\Omurice\Log.h">
      <Filter>Omurice</Filter>
    </ClInclude>
  </ItemGroup>
  <ItemGroup>
    <ClCompile Include="src\Omurice\Application.cpp">
      <Filter>Omurice</Filter>
    </ClCompile>
    <ClCompile Include="src\Omurice\Log.cpp">
      <Filter>Omurice</Filter>
    </ClCompile>
  </ItemGroup>
</Project>